
Microsoft Visual Studio Solution File, Format Version 12.00
# Visual Studio 14
VisualStudioVersion = 14.0.23107.0
MinimumVisualStudioVersion = 10.0.40219.1
Project("{FAE04EC0-301F-11D3-BF4B-00C04F79EFBC}") = "LoginForm", "LoginForm\LoginForm.csproj", "{AA83CBB7-E304-409D-BD2D-9A390DC1DA35}"
EndProject
Global
	GlobalSection(SolutionConfigurationPlatforms) = preSolution
		Debug|Any CPU = Debug|Any CPU
		Release|Any CPU = Release|Any CPU
	EndGlobalSection
	GlobalSection(ProjectConfigurationPlatforms) = postSolution
		{AA83CBB7-E304-409D-BD2D-9A390DC1DA35}.Debug|Any CPU.ActiveCfg = Debug|Any CPU
		{AA83CBB7-E304-409D-BD2D-9A390DC1DA35}.Debug|Any CPU.Build.0 = Debug|Any CPU
		{AA83CBB7-E304-409D-BD2D-9A390DC1DA35}.Release|Any CPU.ActiveCfg = Release|Any CPU
		{AA83CBB7-E304-409D-BD2D-9A390DC1DA35}.Release|Any CPU.Build.0 = Release|Any CPU
	EndGlobalSection
	GlobalSection(SolutionProperties) = preSolution
		HideSolutionNode = FALSE
	EndGlobalSection
EndGlobal
